{
  "name": "gaiagpspublicclient",
  "version": "1.0.0",
  "lockfileVersion": 2,
  "requires": true,
  "packages": {
    "": {
      "name": "gaiagpspublicclient",
      "version": "1.0.0",
      "license": "MIT",
      "dependencies": {
        "jxon": "^2.0.0-beta.5"
      }
    },
    "node_modules/jxon": {
      "version": "2.0.0-beta.5",
      "resolved": "https://registry.npmjs.org/jxon/-/jxon-2.0.0-beta.5.tgz",
      "integrity": "sha1-O2qUEE+YAe5oL9BWZF/1Rz2bND4=",
      "dependencies": {
        "xmldom": "^0.1.21"
      }
    },
    "node_modules/xmldom": {
      "version": "0.1.31",
      "resolved": "https://registry.npmjs.org/xmldom/-/xmldom-0.1.31.tgz",
      "integrity": "sha512-yS2uJflVQs6n+CyjHoaBmVSqIDevTAWrzMmjG1Gc7h1qQ7uVozNhEPJAwZXWyGQ/Gafo3fCwrcaokezLPupVyQ==",
      "deprecated": "Deprecated due to CVE-2021-21366 resolved in 0.5.0",
      "engines": {
        "node": ">=0.1"
      }
    }
  },
  "dependencies": {
    "jxon": {
      "version": "2.0.0-beta.5",
      "resolved": "https://registry.npmjs.org/jxon/-/jxon-2.0.0-beta.5.tgz",
      "integrity": "sha1-O2qUEE+YAe5oL9BWZF/1Rz2bND4=",
      "requires": {
        "xmldom": "^0.1.21"
      }
    },
    "xmldom": {
      "version": "0.1.31",
      "resolved": "https://registry.npmjs.org/xmldom/-/xmldom-0.1.31.tgz",
      "integrity": "sha512-yS2uJflVQs6n+CyjHoaBmVSqIDevTAWrzMmjG1Gc7h1qQ7uVozNhEPJAwZXWyGQ/Gafo3fCwrcaokezLPupVyQ=="
    }
  }
}
